
Microsoft Visual Studio Solution File, Format Version 12.00
Project("{FAE04EC0-301F-11D3-BF4B-00C04F79EFBC}") = "API", "src\API\API.csproj", "{27437EA1-85C9-47B8-B539-3C26E7D6224F}"
EndProject
Project("{FAE04EC0-301F-11D3-BF4B-00C04F79EFBC}") = "Domain", "src\Domain\Domain.csproj", "{C3B77E44-98C6-47A7-A2DF-C6BC18598746}"
EndProject
Project("{FAE04EC0-301F-11D3-BF4B-00C04F79EFBC}") = "Infrastructure", "src\Infrastructure\Infrastructure.csproj", "{8A6CF33D-6E97-479D-944A-07D07D352894}"
EndProject
Project("{FAE04EC0-301F-11D3-BF4B-00C04F79EFBC}") = "Application", "src\Application\Application.csproj", "{F5C680B7-EA93-4602-8313-CE737A97B5F8}"
EndProject
Project("{FAE04EC0-301F-11D3-BF4B-00C04F79EFBC}") = "API.IntegrationTests", "tests\API.IntegrationTests\API.IntegrationTests.csproj", "{95EE05B0-859A-4AC3-81FE-3160DC69F1EC}"
EndProject
Project("{FAE04EC0-301F-11D3-BF4B-00C04F79EFBC}") = "Application.IntegrationTests", "tests\Application.IntegrationTests\Application.IntegrationTests.csproj", "{D990F76B-8AC9-4E56-BE46-5247555C5B8F}"
EndProject
Project("{FAE04EC0-301F-11D3-BF4B-00C04F79EFBC}") = "Application.UnitTests", "tests\Application.UnitTests\Application.UnitTests.csproj", "{27458CD7-72A5-486B-9498-42250C43CDAD}"
EndProject
Project("{FAE04EC0-301F-11D3-BF4B-00C04F79EFBC}") = "Domain.UnitTests", "tests\Domain.UnitTests\Domain.UnitTests.csproj", "{C9A4CD01-34A5-4F3A-8605-A51D3B41BC39}"
EndProject
Project("{FAE04EC0-301F-11D3-BF4B-00C04F79EFBC}") = "Infrastructure.IntegrationTests", "tests\Infrastructure.IntegrationTests\Infrastructure.IntegrationTests.csproj", "{6B1BF3B4-080E-45C2-B4E4-3415C775566E}"
EndProject
Project("{2150E333-8FDC-42A3-9474-1A3956D46DE8}") = "src", "src", "{D89E3653-C64A-4CB8-A2E8-5E723CB467E0}"
EndProject
Project("{2150E333-8FDC-42A3-9474-1A3956D46DE8}") = "tests", "tests", "{1F12DADD-6DFF-4BEB-BDC4-4BD6BC0B8F5D}"
EndProject
Global
	GlobalSection(SolutionConfigurationPlatforms) = preSolution
		Debug|Any CPU = Debug|Any CPU
		Release|Any CPU = Release|Any CPU
	EndGlobalSection
	GlobalSection(ProjectConfigurationPlatforms) = postSolution
		{27437EA1-85C9-47B8-B539-3C26E7D6224F}.Debug|Any CPU.ActiveCfg = Debug|Any CPU
		{27437EA1-85C9-47B8-B539-3C26E7D6224F}.Debug|Any CPU.Build.0 = Debug|Any CPU
		{27437EA1-85C9-47B8-B539-3C26E7D6224F}.Release|Any CPU.ActiveCfg = Release|Any CPU
		{27437EA1-85C9-47B8-B539-3C26E7D6224F}.Release|Any CPU.Build.0 = Release|Any CPU
		{C3B77E44-98C6-47A7-A2DF-C6BC18598746}.Debug|Any CPU.ActiveCfg = Debug|Any CPU
		{C3B77E44-98C6-47A7-A2DF-C6BC18598746}.Debug|Any CPU.Build.0 = Debug|Any CPU
		{C3B77E44-98C6-47A7-A2DF-C6BC18598746}.Release|Any CPU.ActiveCfg = Release|Any CPU
		{C3B77E44-98C6-47A7-A2DF-C6BC18598746}.Release|Any CPU.Build.0 = Release|Any CPU
		{8A6CF33D-6E97-479D-944A-07D07D352894}.Debug|Any CPU.ActiveCfg = Debug|Any CPU
		{8A6CF33D-6E97-479D-944A-07D07D352894}.Debug|Any CPU.Build.0 = Debug|Any CPU
		{8A6CF33D-6E97-479D-944A-07D07D352894}.Release|Any CPU.ActiveCfg = Release|Any CPU
		{8A6CF33D-6E97-479D-944A-07D07D352894}.Release|Any CPU.Build.0 = Release|Any CPU
		{F5C680B7-EA93-4602-8313-CE737A97B5F8}.Debug|Any CPU.ActiveCfg = Debug|Any CPU
		{F5C680B7-EA93-4602-8313-CE737A97B5F8}.Debug|Any CPU.Build.0 = Debug|Any CPU
		{F5C680B7-EA93-4602-8313-CE737A97B5F8}.Release|Any CPU.ActiveCfg = Release|Any CPU
		{F5C680B7-EA93-4602-8313-CE737A97B5F8}.Release|Any CPU.Build.0 = Release|Any CPU
		{95EE05B0-859A-4AC3-81FE-3160DC69F1EC}.Debug|Any CPU.ActiveCfg = Debug|Any CPU
		{95EE05B0-859A-4AC3-81FE-3160DC69F1EC}.Debug|Any CPU.Build.0 = Debug|Any CPU
		{95EE05B0-859A-4AC3-81FE-3160DC69F1EC}.Release|Any CPU.ActiveCfg = Release|Any CPU
		{95EE05B0-859A-4AC3-81FE-3160DC69F1EC}.Release|Any CPU.Build.0 = Release|Any CPU
		{D990F76B-8AC9-4E56-BE46-5247555C5B8F}.Debug|Any CPU.ActiveCfg = Debug|Any CPU
		{D990F76B-8AC9-4E56-BE46-5247555C5B8F}.Debug|Any CPU.Build.0 = Debug|Any CPU
		{D990F76B-8AC9-4E56-BE46-5247555C5B8F}.Release|Any CPU.ActiveCfg = Release|Any CPU
		{D990F76B-8AC9-4E56-BE46-5247555C5B8F}.Release|Any CPU.Build.0 = Release|Any CPU
		{27458CD7-72A5-486B-9498-42250C43CDAD}.Debug|Any CPU.ActiveCfg = Debug|Any CPU
		{27458CD7-72A5-486B-9498-42250C43CDAD}.Debug|Any CPU.Build.0 = Debug|Any CPU
		{27458CD7-72A5-486B-9498-42250C43CDAD}.Release|Any CPU.ActiveCfg = Release|Any CPU
		{27458CD7-72A5-486B-9498-42250C43CDAD}.Release|Any CPU.Build.0 = Release|Any CPU
		{C9A4CD01-34A5-4F3A-8605-A51D3B41BC39}.Debug|Any CPU.ActiveCfg = Debug|Any CPU
		{C9A4CD01-34A5-4F3A-8605-A51D3B41BC39}.Debug|Any CPU.Build.0 = Debug|Any CPU
		{C9A4CD01-34A5-4F3A-8605-A51D3B41BC39}.Release|Any CPU.ActiveCfg = Release|Any CPU
		{C9A4CD01-34A5-4F3A-8605-A51D3B41BC39}.Release|Any CPU.Build.0 = Release|Any CPU
		{6B1BF3B4-080E-45C2-B4E4-3415C775566E}.Debug|Any CPU.ActiveCfg = Debug|Any CPU
		{6B1BF3B4-080E-45C2-B4E4-3415C775566E}.Debug|Any CPU.Build.0 = Debug|Any CPU
		{6B1BF3B4-080E-45C2-B4E4-3415C775566E}.Release|Any CPU.ActiveCfg = Release|Any CPU
		{6B1BF3B4-080E-45C2-B4E4-3415C775566E}.Release|Any CPU.Build.0 = Release|Any CPU
	EndGlobalSection
	GlobalSection(NestedProjects) = preSolution
		{95EE05B0-859A-4AC3-81FE-3160DC69F1EC} = {1F12DADD-6DFF-4BEB-BDC4-4BD6BC0B8F5D}
		{D990F76B-8AC9-4E56-BE46-5247555C5B8F} = {1F12DADD-6DFF-4BEB-BDC4-4BD6BC0B8F5D}
		{27458CD7-72A5-486B-9498-42250C43CDAD} = {1F12DADD-6DFF-4BEB-BDC4-4BD6BC0B8F5D}
		{C9A4CD01-34A5-4F3A-8605-A51D3B41BC39} = {1F12DADD-6DFF-4BEB-BDC4-4BD6BC0B8F5D}
		{6B1BF3B4-080E-45C2-B4E4-3415C775566E} = {1F12DADD-6DFF-4BEB-BDC4-4BD6BC0B8F5D}
		{27437EA1-85C9-47B8-B539-3C26E7D6224F} = {D89E3653-C64A-4CB8-A2E8-5E723CB467E0}
		{F5C680B7-EA93-4602-8313-CE737A97B5F8} = {D89E3653-C64A-4CB8-A2E8-5E723CB467E0}
		{C3B77E44-98C6-47A7-A2DF-C6BC18598746} = {D89E3653-C64A-4CB8-A2E8-5E723CB467E0}
		{8A6CF33D-6E97-479D-944A-07D07D352894} = {D89E3653-C64A-4CB8-A2E8-5E723CB467E0}
	EndGlobalSection
EndGlobal
